// !$*UTF8*$!
{
	archiveVersion = 1;
	classes = {
	};
	objectVersion = 56;
	objects = {

/* Begin PBXBuildFile section */
		0BF8B9DB2A16800D001271E4 /* AppDelegate.swift in Sources */ = {isa = PBXBuildFile; fileRef = 0BF8B9DA2A16800D001271E4 /* AppDelegate.swift */; };
		0BF8B9DD2A16800D001271E4 /* SceneDelegate.swift in Sources */ = {isa = PBXBuildFile; fileRef = 0BF8B9DC2A16800D001271E4 /* SceneDelegate.swift */; };
		0BF8B9DF2A16800D001271E4 /* ViewController.swift in Sources */ = {isa = PBXBuildFile; fileRef = 0BF8B9DE2A16800D001271E4 /* ViewController.swift */; };
		0BF8B9E22A16800D001271E4 /* Main.storyboard in Resources */ = {isa = PBXBuildFile; fileRef = 0BF8B9E02A16800D001271E4 /* Main.storyboard */; };
		0BF8B9E42A16800F001271E4 /* Assets.xcassets in Resources */ = {isa = PBXBuildFile; fileRef = 0BF8B9E32A16800F001271E4 /* Assets.xcassets */; };
		0BF8B9E72A16800F001271E4 /* LaunchScreen.storyboard in Resources */ = {isa = PBXBuildFile; fileRef = 0BF8B9E52A16800F001271E4 /* LaunchScreen.storyboard */; };
		0BF8B9F22A16800F001271E4 /* Item__Tests.swift in Sources */ = {isa = PBXBuildFile; fileRef = 0BF8B9F12A16800F001271E4 /* Item__Tests.swift */; };
		0BF8B9FC2A16800F001271E4 /* Item__UITests.swift in Sources */ = {isa = PBXBuildFile; fileRef = 0BF8B9FB2A16800F001271E4 /* Item__UITests.swift */; };
		0BF8B9FE2A16800F001271E4 /* Item__UITestsLaunchTests.swift in Sources */ = {isa = PBXBuildFile; fileRef = 0BF8B9FD2A16800F001271E4 /* Item__UITestsLaunchTests.swift */; };
/* End PBXBuildFile section */

/* Begin PBXContainerItemProxy section */
		0BF8B9EE2A16800F001271E4 /* PBXContainerItemProxy */ = {
			isa = PBXContainerItemProxy;
			containerPortal = 0BF8B9CF2A16800C001271E4 /* Project object */;
			proxyType = 1;
			remoteGlobalIDString = 0BF8B9D62A16800D001271E4;
			remoteInfo = "Item++";
		};
		0BF8B9F82A16800F001271E4 /* PBXContainerItemProxy */ = {
			isa = PBXContainerItemProxy;
			containerPortal = 0BF8B9CF2A16800C001271E4 /* Project object */;
			proxyType = 1;
			remoteGlobalIDString = 0BF8B9D62A16800D001271E4;
			remoteInfo = "Item++";
		};
/* End PBXContainerItemProxy section */

/* Begin PBXFileReference section */
		0BF8B9D72A16800D001271E4 /* Item++.app */ = {isa = PBXFileReference; explicitFileType = wrapper.application; includeInIndex = 0; path = "Item++.app"; sourceTree = BUILT_PRODUCTS_DIR; };
		0BF8B9DA2A16800D001271E4 /* AppDelegate.swift */ = {isa = PBXFileReference; lastKnownFileType = sourcecode.swift; path = AppDelegate.swift; sourceTree = "<group>"; };
		0BF8B9DC2A16800D001271E4 /* SceneDelegate.swift */ = {isa = PBXFileReference; lastKnownFileType = sourcecode.swift; path = SceneDelegate.swift; sourceTree = "<group>"; };
		0BF8B9DE2A16800D001271E4 /* ViewController.swift */ = {isa = PBXFileReference; lastKnownFileType = sourcecode.swift; path = ViewController.swift; sourceTree = "<group>"; };
		0BF8B9E12A16800D001271E4 /* Base */ = {isa = PBXFileReference; lastKnownFileType = file.storyboard; name = Base; path = Base.lproj/Main.storyboard; sourceTree = "<group>"; };
		0BF8B9E32A16800F001271E4 /* Assets.xcassets */ = {isa = PBXFileReference; lastKnownFileType = folder.assetcatalog; path = Assets.xcassets; sourceTree = "<group>"; };
		0BF8B9E62A16800F001271E4 /* Base */ = {isa = PBXFileReference; lastKnownFileType = file.storyboard; name = Base; path = Base.lproj/LaunchScreen.storyboard; sourceTree = "<group>"; };
		0BF8B9E82A16800F001271E4 /* Info.plist */ = {isa = PBXFileReference; lastKnownFileType = text.plist.xml; path = Info.plist; sourceTree = "<group>"; };
		0BF8B9ED2A16800F001271E4 /* Item++Tests.xctest */ = {isa = PBXFileReference; explicitFileType = wrapper.cfbundle; includeInIndex = 0; path = "Item++Tests.xctest"; sourceTree = BUILT_PRODUCTS_DIR; };
		0BF8B9F12A16800F001271E4 /* Item__Tests.swift */ = {isa = PBXFileReference; lastKnownFileType = sourcecode.swift; path = Item__Tests.swift; sourceTree = "<group>"; };
		0BF8B9F72A16800F001271E4 /* Item++UITests.xctest */ = {isa = PBXFileReference; explicitFileType = wrapper.cfbundle; includeInIndex = 0; path = "Item++UITests.xctest"; sourceTree = BUILT_PRODUCTS_DIR; };
		0BF8B9FB2A16800F001271E4 /* Item__UITests.swift */ = {isa = PBXFileReference; lastKnownFileType = sourcecode.swift; path = Item__UITests.swift; sourceTree = "<group>"; };
		0BF8B9FD2A16800F001271E4 /* Item__UITestsLaunchTests.swift */ = {isa = PBXFileReference; lastKnownFileType = sourcecode.swift; path = Item__UITestsLaunchTests.swift; sourceTree = "<group>"; };
/* End PBXFileReference section */

/* Begin PBXFrameworksBuildPhase section */
		0BF8B9D42A16800D001271E4 /* Frameworks */ = {
			isa = PBXFrameworksBuildPhase;
			buildActionMask = 2147483647;
			files = (
			);
			runOnlyForDeploymentPostprocessing = 0;
		};
		0BF8B9EA2A16800F001271E4 /* Frameworks */ = {
			isa = PBXFrameworksBuildPhase;
			buildActionMask = 2147483647;
			files = (
			);
			runOnlyForDeploymentPostprocessing = 0;
		};
		0BF8B9F42A16800F001271E4 /* Frameworks */ = {
			isa = PBXFrameworksBuildPhase;
			buildActionMask = 2147483647;
			files = (
			);
			runOnlyForDeploymentPostprocessing = 0;
		};
/* End PBXFrameworksBuildPhase section */

/* Begin PBXGroup section */
		0BF8B9CE2A16800C001271E4 = {
			isa = PBXGroup;
			children = (
				0BF8B9D92A16800D001271E4 /* Item++ */,
				0BF8B9F02A16800F001271E4 /* Item++Tests */,
				0BF8B9FA2A16800F001271E4 /* Item++UITests */,
				0BF8B9D82A16800D001271E4 /* Products */,
			);
			sourceTree = "<group>";
		};
		0BF8B9D82A16800D001271E4 /* Products */ = {
			isa = PBXGroup;
			children = (
				0BF8B9D72A16800D001271E4 /* Item++.app */,
				0BF8B9ED2A16800F001271E4 /* Item++Tests.xctest */,
				0BF8B9F72A16800F001271E4 /* Item++UITests.xctest */,
			);
			name = Products;
			sourceTree = "<group>";
		};
		0BF8B9D92A16800D001271E4 /* Item++ */ = {
			isa = PBXGroup;
			children = (
				0BF8B9DA2A16800D001271E4 /* AppDelegate.swift */,
				0BF8B9DC2A16800D001271E4 /* SceneDelegate.swift */,
				0BF8B9DE2A16800D001271E4 /* ViewController.swift */,
				0BF8B9E02A16800D001271E4 /* Main.storyboard */,
				0BF8B9E32A16800F001271E4 /* Assets.xcassets */,
				0BF8B9E52A16800F001271E4 /* LaunchScreen.storyboard */,
				0BF8B9E82A16800F001271E4 /* Info.plist */,
			);
			path = "Item++";
			sourceTree = "<group>";
		};
		0BF8B9F02A16800F001271E4 /* Item++Tests */ = {
			isa = PBXGroup;
			children = (
				0BF8B9F12A16800F001271E4 /* Item__Tests.swift */,
			);
			path = "Item++Tests";
			sourceTree = "<group>";
		};
		0BF8B9FA2A16800F001271E4 /* Item++UITests */ = {
			isa = PBXGroup;
			children = (
				0BF8B9FB2A16800F001271E4 /* Item__UITests.swift */,
				0BF8B9FD2A16800F001271E4 /* Item__UITestsLaunchTests.swift */,
			);
			path = "Item++UITests";
			sourceTree = "<group>";
		};
/* End PBXGroup section */

/* Begin PBXNativeTarget section */
		0BF8B9D62A16800D001271E4 /* Item++ */ = {
			isa = PBXNativeTarget;
			buildConfigurationList = 0BF8BA012A16800F001271E4 /* Build configuration list for PBXNativeTarget "Item++" */;
			buildPhases = (
				0BF8B9D32A16800D001271E4 /* Sources */,
				0BF8B9D42A16800D001271E4 /* Frameworks */,
				0BF8B9D52A16800D001271E4 /* Resources */,
			);
			buildRules = (
			);
			dependencies = (
			);
			name = "Item++";
			productName = "Item++";
			productReference = 0BF8B9D72A16800D001271E4 /* Item++.app */;
			productType = "com.apple.product-type.application";
		};
		0BF8B9EC2A16800F001271E4 /* Item++Tests */ = {
			isa = PBXNativeTarget;
			buildConfigurationList = 0BF8BA042A16800F001271E4 /* Build configuration list for PBXNativeTarget "Item++Tests" */;
			buildPhases = (
				0BF8B9E92A16800F001271E4 /* Sources */,
				0BF8B9EA2A16800F001271E4 /* Frameworks */,
				0BF8B9EB2A16800F001271E4 /* Resources */,
			);
			buildRules = (
			);
			dependencies = (
				0BF8B9EF2A16800F001271E4 /* PBXTargetDependency */,
			);
			name = "Item++Tests";
			productName = "Item++Tests";
			productReference = 0BF8B9ED2A16800F001271E4 /* Item++Tests.xctest */;
			productType = "com.apple.product-type.bundle.unit-test";
		};
		0BF8B9F62A16800F001271E4 /* Item++UITests */ = {
			isa = PBXNativeTarget;
			buildConfigurationList = 0BF8BA072A16800F001271E4 /* Build configuration list for PBXNativeTarget "Item++UITests" */;
			buildPhases = (
				0BF8B9F32A16800F001271E4 /* Sources */,
				0BF8B9F42A16800F001271E4 /* Frameworks */,
				0BF8B9F52A16800F001271E4 /* Resources */,
			);
			buildRules = (
			);
			dependencies = (
				0BF8B9F92A16800F001271E4 /* PBXTargetDependency */,
			);
			name = "Item++UITests";
			productName = "Item++UITests";
			productReference = 0BF8B9F72A16800F001271E4 /* Item++UITests.xctest */;
			productType = "com.apple.product-type.bundle.ui-testing";
		};
/* End PBXNativeTarget section */

/* Begin PBXProject section */
		0BF8B9CF2A16800C001271E4 /* Project object */ = {
			isa = PBXProject;
			attributes = {
				BuildIndependentTargetsInParallel = 1;
				LastSwiftUpdateCheck = 1430;
				LastUpgradeCheck = 1430;
				TargetAttributes = {
					0BF8B9D62A16800D001271E4 = {
						CreatedOnToolsVersion = 14.3;
					};
					0BF8B9EC2A16800F001271E4 = {
						CreatedOnToolsVersion = 14.3;
						TestTargetID = 0BF8B9D62A16800D001271E4;
					};
					0BF8B9F62A16800F001271E4 = {
						CreatedOnToolsVersion = 14.3;
						TestTargetID = 0BF8B9D62A16800D001271E4;
					};
				};
			};
			buildConfigurationList = 0BF8B9D22A16800D001271E4 /* Build configuration list for PBXProject "Item++" */;
			compatibilityVersion = "Xcode 14.0";
			developmentRegion = en;
			hasScannedForEncodings = 0;
			knownRegions = (
				en,
				Base,
			);
			mainGroup = 0BF8B9CE2A16800C001271E4;
			productRefGroup = 0BF8B9D82A16800D001271E4 /* Products */;
			projectDirPath = "";
			projectRoot = "";
			targets = (
				0BF8B9D62A16800D001271E4 /* Item++ */,
				0BF8B9EC2A16800F001271E4 /* Item++Tests */,
				0BF8B9F62A16800F001271E4 /* Item++UITests */,
			);
		};
/* End PBXProject section */

/* Begin PBXResourcesBuildPhase section */
		0BF8B9D52A16800D001271E4 /* Resources */ = {
			isa = PBXResourcesBuildPhase;
			buildActionMask = 2147483647;
			files = (
				0BF8B9E72A16800F001271E4 /* LaunchScreen.storyboard in Resources */,
				0BF8B9E42A16800F001271E4 /* Assets.xcassets in Resources */,
				0BF8B9E22A16800D001271E4 /* Main.storyboard in Resources */,
			);
			runOnlyForDeploymentPostprocessing = 0;
		};
		0BF8B9EB2A16800F001271E4 /* Resources */ = {
			isa = PBXResourcesBuildPhase;
			buildActionMask = 2147483647;
			files = (
			);
			runOnlyForDeploymentPostprocessing = 0;
		};
		0BF8B9F52A16800F001271E4 /* Resources */ = {
			isa = PBXResourcesBuildPhase;
			buildActionMask = 2147483647;
			files = (
			);
			runOnlyForDeploymentPostprocessing = 0;
		};
/* End PBXResourcesBuildPhase section */

/* Begin PBXSourcesBuildPhase section */
		0BF8B9D32A16800D001271E4 /* Sources */ = {
			isa = PBXSourcesBuildPhase;
			buildActionMask = 2147483647;
			files = (
				0BF8B9DF2A16800D001271E4 /* ViewController.swift in Sources */,
				0BF8B9DB2A16800D001271E4 /* AppDelegate.swift in Sources */,
				0BF8B9DD2A16800D001271E4 /* SceneDelegate.swift in Sources */,
			);
			runOnlyForDeploymentPostprocessing = 0;
		};
		0BF8B9E92A16800F001271E4 /* Sources */ = {
			isa = PBXSourcesBuildPhase;
			buildActionMask = 2147483647;
			files = (
				0BF8B9F22A16800F001271E4 /* Item__Tests.swift in Sources */,
			);
			runOnlyForDeploymentPostprocessing = 0;
		};
		0BF8B9F32A16800F001271E4 /* Sources */ = {
			isa = PBXSourcesBuildPhase;
			buildActionMask = 2147483647;
			files = (
				0BF8B9FC2A16800F001271E4 /* Item__UITests.swift in Sources */,
				0BF8B9FE2A16800F001271E4 /* Item__UITestsLaunchTests.swift in Sources */,
			);
			runOnlyForDeploymentPostprocessing = 0;
		};
/* End PBXSourcesBuildPhase section */

/* Begin PBXTargetDependency section */
		0BF8B9EF2A16800F001271E4 /* PBXTargetDependency */ = {
			isa = PBXTargetDependency;
			target = 0BF8B9D62A16800D001271E4 /* Item++ */;
			targetProxy = 0BF8B9EE2A16800F001271E4 /* PBXContainerItemProxy */;
		};
		0BF8B9F92A16800F001271E4 /* PBXTargetDependency */ = {
			isa = PBXTargetDependency;
			target = 0BF8B9D62A16800D001271E4 /* Item++ */;
			targetProxy = 0BF8B9F82A16800F001271E4 /* PBXContainerItemProxy */;
		};
/* End PBXTargetDependency section */

/* Begin PBXVariantGroup section */
		0BF8B9E02A16800D001271E4 /* Main.storyboard */ = {
			isa = PBXVariantGroup;
			children = (
				0BF8B9E12A16800D001271E4 /* Base */,
			);
			name = Main.storyboard;
			sourceTree = "<group>";
		};
		0BF8B9E52A16800F001271E4 /* LaunchScreen.storyboard */ = {
			isa = PBXVariantGroup;
			children = (
				0BF8B9E62A16800F001271E4 /* Base */,
			);
			name = LaunchScreen.storyboard;
			sourceTree = "<group>";
		};
/* End PBXVariantGroup section */

/* Begin XCBuildConfiguration section */
		0BF8B9FF2A16800F001271E4 /* Debug */ = {
			isa = XCBuildConfiguration;
			buildSettings = {
				ALWAYS_SEARCH_USER_PATHS = NO;
				CLANG_ANALYZER_NONNULL = YES;
				CLANG_ANALYZER_NUMBER_OBJECT_CONVERSION = YES_AGGRESSIVE;
				CLANG_CXX_LANGUAGE_STANDARD = "gnu++20";
				CLANG_ENABLE_MODULES = YES;
				CLANG_ENABLE_OBJC_ARC = YES;
				CLANG_ENABLE_OBJC_WEAK = YES;
				CLANG_WARN_BLOCK_CAPTURE_AUTORELEASING = YES;
				CLANG_WARN_BOOL_CONVERSION = YES;
				CLANG_WARN_COMMA = YES;
				CLANG_WARN_CONSTANT_CONVERSION = YES;
				CLANG_WARN_DEPRECATED_OBJC_IMPLEMENTATIONS = YES;
				CLANG_WARN_DIRECT_OBJC_ISA_USAGE = YES_ERROR;
				CLANG_WARN_DOCUMENTATION_COMMENTS = YES;
				CLANG_WARN_EMPTY_BODY = YES;
				CLANG_WARN_ENUM_CONVERSION = YES;
				CLANG_WARN_INFINITE_RECURSION = YES;
				CLANG_WARN_INT_CONVERSION = YES;
				CLANG_WARN_NON_LITERAL_NULL_CONVERSION = YES;
				CLANG_WARN_OBJC_IMPLICIT_RETAIN_SELF = YES;
				CLANG_WARN_OBJC_LITERAL_CONVERSION = YES;
				CLANG_WARN_OBJC_ROOT_CLASS = YES_ERROR;
				CLANG_WARN_QUOTED_INCLUDE_IN_FRAMEWORK_HEADER = YES;
				CLANG_WARN_RANGE_LOOP_ANALYSIS = YES;
				CLANG_WARN_STRICT_PROTOTYPES = YES;
				CLANG_WARN_SUSPICIOUS_MOVE = YES;
				CLANG_WARN_UNGUARDED_AVAILABILITY = YES_AGGRESSIVE;
				CLANG_WARN_UNREACHABLE_CODE = YES;
				CLANG_WARN__DUPLICATE_METHOD_MATCH = YES;
				COPY_PHASE_STRIP = NO;
				DEBUG_INFORMATION_FORMAT = dwarf;
				ENABLE_STRICT_OBJC_MSGSEND = YES;
				ENABLE_TESTABILITY = YES;
				GCC_C_LANGUAGE_STANDARD = gnu11;
				GCC_DYNAMIC_NO_PIC = NO;
				GCC_NO_COMMON_BLOCKS = YES;
				GCC_OPTIMIZATION_LEVEL = 0;
				GCC_PREPROCESSOR_DEFINITIONS = (
					"DEBUG=1",
					"$(inherited)",
				);
				GCC_WARN_64_TO_32_BIT_CONVERSION = YES;
				GCC_WARN_ABOUT_RETURN_TYPE = YES_ERROR;
				GCC_WARN_UNDECLARED_SELECTOR = YES;
				GCC_WARN_UNINITIALIZED_AUTOS = YES_AGGRESSIVE;
				GCC_WARN_UNUSED_FUNCTION = YES;
				GCC_WARN_UNUSED_VARIABLE = YES;
				IPHONEOS_DEPLOYMENT_TARGET = 16.4;
				MTL_ENABLE_DEBUG_INFO = INCLUDE_SOURCE;
				MTL_FAST_MATH = YES;
				ONLY_ACTIVE_ARCH = YES;
				SDKROOT = iphoneos;
				SWIFT_ACTIVE_COMPILATION_CONDITIONS = DEBUG;
				SWIFT_OPTIMIZATION_LEVEL = "-Onone";
			};
			name = Debug;
		};
		0BF8BA002A16800F001271E4 /* Release */ = {
			isa = XCBuildConfiguration;
			buildSettings = {
				ALWAYS_SEARCH_USER_PATHS = NO;
				CLANG_ANALYZER_NONNULL = YES;
				CLANG_ANALYZER_NUMBER_OBJECT_CONVERSION = YES_AGGRESSIVE;
				CLANG_CXX_LANGUAGE_STANDARD = "gnu++20";
				CLANG_ENABLE_MODULES = YES;
				CLANG_ENABLE_OBJC_ARC = YES;
				CLANG_ENABLE_OBJC_WEAK = YES;
				CLANG_WARN_BLOCK_CAPTURE_AUTORELEASING = YES;
				CLANG_WARN_BOOL_CONVERSION = YES;
				CLANG_WARN_COMMA = YES;
				CLANG_WARN_CONSTANT_CONVERSION = YES;
				CLANG_WARN_DEPRECATED_OBJC_IMPLEMENTATIONS = YES;
				CLANG_WARN_DIRECT_OBJC_ISA_USAGE = YES_ERROR;
				CLANG_WARN_DOCUMENTATION_COMMENTS = YES;
				CLANG_WARN_EMPTY_BODY = YES;
				CLANG_WARN_ENUM_CONVERSION = YES;
				CLANG_WARN_INFINITE_RECURSION = YES;
				CLANG_WARN_INT_CONVERSION = YES;
				CLANG_WARN_NON_LITERAL_NULL_CONVERSION = YES;
				CLANG_WARN_OBJC_IMPLICIT_RETAIN_SELF = YES;
				CLANG_WARN_OBJC_LITERAL_CONVERSION = YES;
				CLANG_WARN_OBJC_ROOT_CLASS = YES_ERROR;
				CLANG_WARN_QUOTED_INCLUDE_IN_FRAMEWORK_HEADER = YES;
				CLANG_WARN_RANGE_LOOP_ANALYSIS = YES;
				CLANG_WARN_STRICT_PROTOTYPES = YES;
				CLANG_WARN_SUSPICIOUS_MOVE = YES;
				CLANG_WARN_UNGUARDED_AVAILABILITY = YES_AGGRESSIVE;
				CLANG_WARN_UNREACHABLE_CODE = YES;
				CLANG_WARN__DUPLICATE_METHOD_MATCH = YES;
				COPY_PHASE_STRIP = NO;
				DEBUG_INFORMATION_FORMAT = "dwarf-with-dsym";
				ENABLE_NS_ASSERTIONS = NO;
				ENABLE_STRICT_OBJC_MSGSEND = YES;
				GCC_C_LANGUAGE_STANDARD = gnu11;
				GCC_NO_COMMON_BLOCKS = YES;
				GCC_WARN_64_TO_32_BIT_CONVERSION = YES;
				GCC_WARN_ABOUT_RETURN_TYPE = YES_ERROR;
				GCC_WARN_UNDECLARED_SELECTOR = YES;
				GCC_WARN_UNINITIALIZED_AUTOS = YES_AGGRESSIVE;
				GCC_WARN_UNUSED_FUNCTION = YES;
				GCC_WARN_UNUSED_VARIABLE = YES;
				IPHONEOS_DEPLOYMENT_TARGET = 16.4;
				MTL_ENABLE_DEBUG_INFO = NO;
				MTL_FAST_MATH = YES;
				SDKROOT = iphoneos;
				SWIFT_COMPILATION_MODE = wholemodule;
				SWIFT_OPTIMIZATION_LEVEL = "-O";
				VALIDATE_PRODUCT = YES;
			};
			name = Release;
		};
		0BF8BA022A16800F001271E4 /* Debug */ = {
			isa = XCBuildConfiguration;
			buildSettings = {
				ASSETCATALOG_COMPILER_APPICON_NAME = AppIcon;
				ASSETCATALOG_COMPILER_GLOBAL_ACCENT_COLOR_NAME = AccentColor;
				CODE_SIGN_STYLE = Automatic;
				CURRENT_PROJECT_VERSION = 1;
				DEVELOPMENT_TEAM = TNUPACSR25;
				GENERATE_INFOPLIST_FILE = YES;
				INFOPLIST_FILE = "Item++/Info.plist";
				INFOPLIST_KEY_UIApplicationSupportsIndirectInputEvents = YES;
				INFOPLIST_KEY_UILaunchStoryboardName = LaunchScreen;
				INFOPLIST_KEY_UIMainStoryboardFile = Main;
				INFOPLIST_KEY_UISupportedInterfaceOrientations_iPad = "UIInterfaceOrientationPortrait UIInterfaceOrientationPortraitUpsideDown UIInterfaceOrientationLandscapeLeft UIInterfaceOrientationLandscapeRight";
				INFOPLIST_KEY_UISupportedInterfaceOrientations_iPhone = "UIInterfaceOrientationPortrait UIInterfaceOrientationLandscapeLeft UIInterfaceOrientationLandscapeRight";
				LD_RUNPATH_SEARCH_PATHS = (
					"$(inherited)",
					"@executable_path/Frameworks",
				);
				MARKETING_VERSION = 1.0;
				PRODUCT_BUNDLE_IDENTIFIER = "com.s4neshApps.Item--";
				PRODUCT_NAME = "$(TARGET_NAME)";
				SWIFT_EMIT_LOC_STRINGS = YES;
				SWIFT_VERSION = 5.0;
				TARGETED_DEVICE_FAMILY = "1,2";
			};
			name = Debug;
		};
		0BF8BA032A16800F001271E4 /* Release */ = {
			isa = XCBuildConfiguration;
			buildSettings = {
				ASSETCATALOG_COMPILER_APPICON_NAME = AppIcon;
				ASSETCATALOG_COMPILER_GLOBAL_ACCENT_COLOR_NAME = AccentColor;
				CODE_SIGN_STYLE = Automatic;
				CURRENT_PROJECT_VERSION = 1;
				DEVELOPMENT_TEAM = TNUPACSR25;
				GENERATE_INFOPLIST_FILE = YES;
				INFOPLIST_FILE = "Item++/Info.plist";
				INFOPLIST_KEY_UIApplicationSupportsIndirectInputEvents = YES;
				INFOPLIST_KEY_UILaunchStoryboardName = LaunchScreen;
				INFOPLIST_KEY_UIMainStoryboardFile = Main;
				INFOPLIST_KEY_UISupportedInterfaceOrientations_iPad = "UIInterfaceOrientationPortrait UIInterfaceOrientationPortraitUpsideDown UIInterfaceOrientationLandscapeLeft UIInterfaceOrientationLandscapeRight";
				INFOPLIST_KEY_UISupportedInterfaceOrientations_iPhone = "UIInterfaceOrientationPortrait UIInterfaceOrientationLandscapeLeft UIInterfaceOrientationLandscapeRight";
				LD_RUNPATH_SEARCH_PATHS = (
					"$(inherited)",
					"@executable_path/Frameworks",
				);
				MARKETING_VERSION = 1.0;
				PRODUCT_BUNDLE_IDENTIFIER = "com.s4neshApps.Item--";
				PRODUCT_NAME = "$(TARGET_NAME)";
				SWIFT_EMIT_LOC_STRINGS = YES;
				SWIFT_VERSION = 5.0;
				TARGETED_DEVICE_FAMILY = "1,2";
			};
			name = Release;
		};
		0BF8BA052A16800F001271E4 /* Debug */ = {
			isa = XCBuildConfiguration;
			buildSettings = {
				ALWAYS_EMBED_SWIFT_STANDARD_LIBRARIES = YES;
				BUNDLE_LOADER = "$(TEST_HOST)";
				CODE_SIGN_STYLE = Automatic;
				CURRENT_PROJECT_VERSION = 1;
				DEVELOPMENT_TEAM = TNUPACSR25;
				GENERATE_INFOPLIST_FILE = YES;
				IPHONEOS_DEPLOYMENT_TARGET = 16.4;
				MARKETING_VERSION = 1.0;
				PRODUCT_BUNDLE_IDENTIFIER = "com.s4neshApps.Item--Tests";
				PRODUCT_NAME = "$(TARGET_NAME)";
				SWIFT_EMIT_LOC_STRINGS = NO;
				SWIFT_VERSION = 5.0;
				TARGETED_DEVICE_FAMILY = "1,2";
				TEST_HOST = "$(BUILT_PRODUCTS_DIR)/Item++.app/$(BUNDLE_EXECUTABLE_FOLDER_PATH)/Item++";
			};
			name = Debug;
		};
		0BF8BA062A16800F001271E4 /* Release */ = {
			isa = XCBuildConfiguration;
			buildSettings = {
				ALWAYS_EMBED_SWIFT_STANDARD_LIBRARIES = YES;
				BUNDLE_LOADER = "$(TEST_HOST)";
				CODE_SIGN_STYLE = Automatic;
				CURRENT_PROJECT_VERSION = 1;
				DEVELOPMENT_TEAM = TNUPACSR25;
				GENERATE_INFOPLIST_FILE = YES;
				IPHONEOS_DEPLOYMENT_TARGET = 16.4;
				MARKETING_VERSION = 1.0;
				PRODUCT_BUNDLE_IDENTIFIER = "com.s4neshApps.Item--Tests";
				PRODUCT_NAME = "$(TARGET_NAME)";
				SWIFT_EMIT_LOC_STRINGS = NO;
				SWIFT_VERSION = 5.0;
				TARGETED_DEVICE_FAMILY = "1,2";
				TEST_HOST = "$(BUILT_PRODUCTS_DIR)/Item++.app/$(BUNDLE_EXECUTABLE_FOLDER_PATH)/Item++";
			};
			name = Release;
		};
		0BF8BA082A16800F001271E4 /* Debug */ = {
			isa = XCBuildConfiguration;
			buildSettings = {
				ALWAYS_EMBED_SWIFT_STANDARD_LIBRARIES = YES;
				CODE_SIGN_STYLE = Automatic;
				CURRENT_PROJECT_VERSION = 1;
				DEVELOPMENT_TEAM = TNUPACSR25;
				GENERATE_INFOPLIST_FILE = YES;
				MARKETING_VERSION = 1.0;
				PRODUCT_BUNDLE_IDENTIFIER = "com.s4neshApps.Item--UITests";
				PRODUCT_NAME = "$(TARGET_NAME)";
				SWIFT_EMIT_LOC_STRINGS = NO;
				SWIFT_VERSION = 5.0;
				TARGETED_DEVICE_FAMILY = "1,2";
				TEST_TARGET_NAME = "Item++";
			};
			name = Debug;
		};
		0BF8BA092A16800F001271E4 /* Release */ = {
			isa = XCBuildConfiguration;
			buildSettings = {
				ALWAYS_EMBED_SWIFT_STANDARD_LIBRARIES = YES;
				CODE_SIGN_STYLE = Automatic;
				CURRENT_PROJECT_VERSION = 1;
				DEVELOPMENT_TEAM = TNUPACSR25;
				GENERATE_INFOPLIST_FILE = YES;
				MARKETING_VERSION = 1.0;
				PRODUCT_BUNDLE_IDENTIFIER = "com.s4neshApps.Item--UITests";
				PRODUCT_NAME = "$(TARGET_NAME)";
				SWIFT_EMIT_LOC_STRINGS = NO;
				SWIFT_VERSION = 5.0;
				TARGETED_DEVICE_FAMILY = "1,2";
				TEST_TARGET_NAME = "Item++";
			};
			name = Release;
		};
/* End XCBuildConfiguration section */

/* Begin XCConfigurationList section */
		0BF8B9D22A16800D001271E4 /* Build configuration list for PBXProject "Item++" */ = {
			isa = XCConfigurationList;
			buildConfigurations = (
				0BF8B9FF2A16800F001271E4 /* Debug */,
				0BF8BA002A16800F001271E4 /* Release */,
			);
			defaultConfigurationIsVisible = 0;
			defaultConfigurationName = Release;
		};
		0BF8BA012A16800F001271E4 /* Build configuration list for PBXNativeTarget "Item++" */ = {
			isa = XCConfigurationList;
			buildConfigurations = (
				0BF8BA022A16800F001271E4 /* Debug */,
				0BF8BA032A16800F001271E4 /* Release */,
			);
			defaultConfigurationIsVisible = 0;
			defaultConfigurationName = Release;
		};
		0BF8BA042A16800F001271E4 /* Build configuration list for PBXNativeTarget "Item++Tests" */ = {
			isa = XCConfigurationList;
			buildConfigurations = (
				0BF8BA052A16800F001271E4 /* Debug */,
				0BF8BA062A16800F001271E4 /* Release */,
			);
			defaultConfigurationIsVisible = 0;
			defaultConfigurationName = Release;
		};
		0BF8BA072A16800F001271E4 /* Build configuration list for PBXNativeTarget "Item++UITests" */ = {
			isa = XCConfigurationList;
			buildConfigurations = (
				0BF8BA082A16800F001271E4 /* Debug */,
				0BF8BA092A16800F001271E4 /* Release */,
			);
			defaultConfigurationIsVisible = 0;
			defaultConfigurationName = Release;
		};
/* End XCConfigurationList section */
	};
	rootObject = 0BF8B9CF2A16800C001271E4 /* Project object */;
}
